
Microsoft Visual Studio Solution File, Format Version 12.00
# Visual Studio Version 16
VisualStudioVersion = 16.0.28922.388
MinimumVisualStudioVersion = 10.0.40219.1
Project("{FAE04EC0-301F-11D3-BF4B-00C04F79EFBC}") = "GlassLewisWebPage", "GlassLewisWebPage\GlassLewisWebPage.csproj", "{27D8B43E-8C2B-48D7-9737-E7F3B9AEB56C}"
EndProject
Global
	GlobalSection(SolutionConfigurationPlatforms) = preSolution
		Debug|Any CPU = Debug|Any CPU
		Release|Any CPU = Release|Any CPU
	EndGlobalSection
	GlobalSection(ProjectConfigurationPlatforms) = postSolution
		{27D8B43E-8C2B-48D7-9737-E7F3B9AEB56C}.Debug|Any CPU.ActiveCfg = Debug|Any CPU
		{27D8B43E-8C2B-48D7-9737-E7F3B9AEB56C}.Debug|Any CPU.Build.0 = Debug|Any CPU
		{27D8B43E-8C2B-48D7-9737-E7F3B9AEB56C}.Release|Any CPU.ActiveCfg = Release|Any CPU
		{27D8B43E-8C2B-48D7-9737-E7F3B9AEB56C}.Release|Any CPU.Build.0 = Release|Any CPU
	EndGlobalSection
	GlobalSection(SolutionProperties) = preSolution
		HideSolutionNode = FALSE
	EndGlobalSection
	GlobalSection(ExtensibilityGlobals) = postSolution
		SolutionGuid = {0B24D744-BC27-4AA0-A39E-05A0FF77F54F}
	EndGlobalSection
EndGlobal
